
Microsoft Visual Studio Solution File, Format Version 12.00
# Visual Studio 15
VisualStudioVersion = 15.0.27428.2005
MinimumVisualStudioVersion = 10.0.40219.1
Project("{9A19103F-16F7-4668-BE54-9A1E7A4F7556}") = "HomeworkApp", "TranslationDictionary\HomeworkApp.csproj", "{94E513D4-F52E-4E9B-9095-93F3307570E9}"
EndProject
Project("{FAE04EC0-301F-11D3-BF4B-00C04F79EFBC}") = "Tests", "Tests\Tests.csproj", "{3C54604E-6D6C-48EF-9526-3E6F862A65CF}"
EndProject
Global
	GlobalSection(SolutionConfigurationPlatforms) = preSolution
		Debug|Any CPU = Debug|Any CPU
		Release|Any CPU = Release|Any CPU
	EndGlobalSection
	GlobalSection(ProjectConfigurationPlatforms) = postSolution
		{94E513D4-F52E-4E9B-9095-93F3307570E9}.Debug|Any CPU.ActiveCfg = Debug|Any CPU
		{94E513D4-F52E-4E9B-9095-93F3307570E9}.Debug|Any CPU.Build.0 = Debug|Any CPU
		{94E513D4-F52E-4E9B-9095-93F3307570E9}.Release|Any CPU.ActiveCfg = Release|Any CPU
		{94E513D4-F52E-4E9B-9095-93F3307570E9}.Release|Any CPU.Build.0 = Release|Any CPU
		{3C54604E-6D6C-48EF-9526-3E6F862A65CF}.Debug|Any CPU.ActiveCfg = Debug|Any CPU
		{3C54604E-6D6C-48EF-9526-3E6F862A65CF}.Debug|Any CPU.Build.0 = Debug|Any CPU
		{3C54604E-6D6C-48EF-9526-3E6F862A65CF}.Release|Any CPU.ActiveCfg = Release|Any CPU
		{3C54604E-6D6C-48EF-9526-3E6F862A65CF}.Release|Any CPU.Build.0 = Release|Any CPU
	EndGlobalSection
	GlobalSection(SolutionProperties) = preSolution
		HideSolutionNode = FALSE
	EndGlobalSection
	GlobalSection(ExtensibilityGlobals) = postSolution
		SolutionGuid = {C44F19E4-1007-4D76-A64C-398C8156D571}
	EndGlobalSection
EndGlobal
